
Microsoft Visual Studio Solution File, Format Version 12.00
# Visual Studio Version 17
VisualStudioVersion = 17.13.35931.197 d17.13
MinimumVisualStudioVersion = 10.0.40219.1
Project("{FAE04EC0-301F-11D3-BF4B-00C04F79EFBC}") = "OurBeauty.API", "OurBeauty.API\OurBeauty.API.csproj", "{208DF1E6-0A53-4D5B-B2D4-C4B37663724D}"
EndProject
Global
	GlobalSection(SolutionConfigurationPlatforms) = preSolution
		Debug|Any CPU = Debug|Any CPU
		Release|Any CPU = Release|Any CPU
	EndGlobalSection
	GlobalSection(ProjectConfigurationPlatforms) = postSolution
		{208DF1E6-0A53-4D5B-B2D4-C4B37663724D}.Debug|Any CPU.ActiveCfg = Debug|Any CPU
		{208DF1E6-0A53-4D5B-B2D4-C4B37663724D}.Debug|Any CPU.Build.0 = Debug|Any CPU
		{208DF1E6-0A53-4D5B-B2D4-C4B37663724D}.Release|Any CPU.ActiveCfg = Release|Any CPU
		{208DF1E6-0A53-4D5B-B2D4-C4B37663724D}.Release|Any CPU.Build.0 = Release|Any CPU
	EndGlobalSection
	GlobalSection(SolutionProperties) = preSolution
		HideSolutionNode = FALSE
	EndGlobalSection
	GlobalSection(ExtensibilityGlobals) = postSolution
		SolutionGuid = {3EC1BD31-757F-4F44-8E32-7DD56EC8F2FE}
	EndGlobalSection
EndGlobal
